PODS:
  - BrightFutures (1.0.0-beta.6)
  - Mockingjay (0.2.0):
    - Mockingjay/Core (= 0.2.0)
    - Mockingjay/Session (= 0.2.0)
    - Mockingjay/XCTest (= 0.2.0)
  - Mockingjay/Core (0.2.0):
    - URITemplate (~> 1.2)
  - Mockingjay/Session (0.2.0):
    - Mockingjay/Core
  - Mockingjay/XCTest (0.2.0):
    - Mockingjay/Core
  - Nimble (0.4.2)
  - URITemplate (1.2.0)

DEPENDENCIES:
  - BrightFutures (~> 1.0.0-beta)
  - Mockingjay (from `git@github.com:kylef/Mockingjay.git`)
  - Nimble

EXTERNAL SOURCES:
  Mockingjay:
    :git: git@github.com:kylef/Mockingjay.git

CHECKOUT OPTIONS:
  Mockingjay:
    :commit: 4eac2bb6fb0f4154fbd36d7c3d1b6dd71277863f
    :git: git@github.com:kylef/Mockingjay.git

SPEC CHECKSUMS:
  BrightFutures: 726c00ea7387783b3e160550ed6d35ca010de0ad
  Mockingjay: 8635bddf88b7c93833db67e1dc54b8ffe7efe921
  Nimble: 49b7a7da8919f42823d37c6d68cc6d15a7009f32
  URITemplate: 0dbf40f0e378eb9c6d04cc08e6101fb82d126dc3

COCOAPODS: 0.37.0.beta.1
